
Microsoft Visual Studio Solution File, Format Version 12.00
# Visual Studio Version 17
VisualStudioVersion = 17.5.33530.505
MinimumVisualStudioVersion = 10.0.40219.1
Project("{FAE04EC0-301F-11D3-BF4B-00C04F79EFBC}") = "GUI", "GUI\GUI.csproj", "{6A0A3AFC-C840-4C0F-B3DD-DD957868FE1A}"
EndProject
Project("{FAE04EC0-301F-11D3-BF4B-00C04F79EFBC}") = "BUS", "BUS\BUS.csproj", "{D06AF379-BCAE-4169-8ED7-9ED6E3BF57FA}"
EndProject
Project("{FAE04EC0-301F-11D3-BF4B-00C04F79EFBC}") = "DAL", "DAL\DAL.csproj", "{7BA62F94-6EAE-48D8-8871-4E9B558FB90B}"
EndProject
Global
	GlobalSection(SolutionConfigurationPlatforms) = preSolution
		Debug|Any CPU = Debug|Any CPU
		Release|Any CPU = Release|Any CPU
	EndGlobalSection
	GlobalSection(ProjectConfigurationPlatforms) = postSolution
		{6A0A3AFC-C840-4C0F-B3DD-DD957868FE1A}.Debug|Any CPU.ActiveCfg = Debug|Any CPU
		{6A0A3AFC-C840-4C0F-B3DD-DD957868FE1A}.Debug|Any CPU.Build.0 = Debug|Any CPU
		{6A0A3AFC-C840-4C0F-B3DD-DD957868FE1A}.Release|Any CPU.ActiveCfg = Release|Any CPU
		{6A0A3AFC-C840-4C0F-B3DD-DD957868FE1A}.Release|Any CPU.Build.0 = Release|Any CPU
		{D06AF379-BCAE-4169-8ED7-9ED6E3BF57FA}.Debug|Any CPU.ActiveCfg = Debug|Any CPU
		{D06AF379-BCAE-4169-8ED7-9ED6E3BF57FA}.Debug|Any CPU.Build.0 = Debug|Any CPU
		{D06AF379-BCAE-4169-8ED7-9ED6E3BF57FA}.Release|Any CPU.ActiveCfg = Release|Any CPU
		{D06AF379-BCAE-4169-8ED7-9ED6E3BF57FA}.Release|Any CPU.Build.0 = Release|Any CPU
		{7BA62F94-6EAE-48D8-8871-4E9B558FB90B}.Debug|Any CPU.ActiveCfg = Debug|Any CPU
		{7BA62F94-6EAE-48D8-8871-4E9B558FB90B}.Debug|Any CPU.Build.0 = Debug|Any CPU
		{7BA62F94-6EAE-48D8-8871-4E9B558FB90B}.Release|Any CPU.ActiveCfg = Release|Any CPU
		{7BA62F94-6EAE-48D8-8871-4E9B558FB90B}.Release|Any CPU.Build.0 = Release|Any CPU
	EndGlobalSection
	GlobalSection(SolutionProperties) = preSolution
		HideSolutionNode = FALSE
	EndGlobalSection
	GlobalSection(ExtensibilityGlobals) = postSolution
		SolutionGuid = {E5B6B5E3-2A81-4565-B5AA-73F8F6951A2B}
	EndGlobalSection
EndGlobal
